
Microsoft Visual Studio Solution File, Format Version 12.00
# Visual Studio 15
VisualStudioVersion = 15.0.27428.2027
MinimumVisualStudioVersion = 10.0.40219.1
Project("{FAE04EC0-301F-11D3-BF4B-00C04F79EFBC}") = "Garage2.0", "Garage2.0\Garage2.0.csproj", "{B631D721-F080-4D18-A7E0-A3B809040E49}"
EndProject
Global
	GlobalSection(SolutionConfigurationPlatforms) = preSolution
		Debug|Any CPU = Debug|Any CPU
		Release|Any CPU = Release|Any CPU
	EndGlobalSection
	GlobalSection(ProjectConfigurationPlatforms) = postSolution
		{B631D721-F080-4D18-A7E0-A3B809040E49}.Debug|Any CPU.ActiveCfg = Debug|Any CPU
		{B631D721-F080-4D18-A7E0-A3B809040E49}.Debug|Any CPU.Build.0 = Debug|Any CPU
		{B631D721-F080-4D18-A7E0-A3B809040E49}.Release|Any CPU.ActiveCfg = Release|Any CPU
		{B631D721-F080-4D18-A7E0-A3B809040E49}.Release|Any CPU.Build.0 = Release|Any CPU
	EndGlobalSection
	GlobalSection(SolutionProperties) = preSolution
		HideSolutionNode = FALSE
	EndGlobalSection
	GlobalSection(ExtensibilityGlobals) = postSolution
		SolutionGuid = {1B0360DE-760E-4EC8-BB9C-EDF9CFC124AC}
	EndGlobalSection
EndGlobal
